
Microsoft Visual Studio Solution File, Format Version 12.00
# Visual Studio Version 17
VisualStudioVersion = 17.1.32328.378
MinimumVisualStudioVersion = 10.0.40219.1
Project("{FAE04EC0-301F-11D3-BF4B-00C04F79EFBC}") = "WebApp", "WebApp\WebApp.csproj", "{761C2AB7-9842-44A4-BD70-689655E3FBD8}"
EndProject
Project("{FAE04EC0-301F-11D3-BF4B-00C04F79EFBC}") = "WebAPI", "WebAPI\WebAPI.csproj", "{F114DC33-A6AE-40B1-8C1E-750CF67477C0}"
EndProject
Project("{E53339B2-1760-4266-BCC7-CA923CBCF16C}") = "docker-compose", "docker-compose.dcproj", "{8DE9B124-200C-46E7-B06D-DEB16D6059F3}"
EndProject
Global
	GlobalSection(SolutionConfigurationPlatforms) = preSolution
		Debug|Any CPU = Debug|Any CPU
		Release|Any CPU = Release|Any CPU
	EndGlobalSection
	GlobalSection(ProjectConfigurationPlatforms) = postSolution
		{761C2AB7-9842-44A4-BD70-689655E3FBD8}.Debug|Any CPU.ActiveCfg = Debug|Any CPU
		{761C2AB7-9842-44A4-BD70-689655E3FBD8}.Debug|Any CPU.Build.0 = Debug|Any CPU
		{761C2AB7-9842-44A4-BD70-689655E3FBD8}.Release|Any CPU.ActiveCfg = Release|Any CPU
		{761C2AB7-9842-44A4-BD70-689655E3FBD8}.Release|Any CPU.Build.0 = Release|Any CPU
		{F114DC33-A6AE-40B1-8C1E-750CF67477C0}.Debug|Any CPU.ActiveCfg = Debug|Any CPU
		{F114DC33-A6AE-40B1-8C1E-750CF67477C0}.Debug|Any CPU.Build.0 = Debug|Any CPU
		{F114DC33-A6AE-40B1-8C1E-750CF67477C0}.Release|Any CPU.ActiveCfg = Release|Any CPU
		{F114DC33-A6AE-40B1-8C1E-750CF67477C0}.Release|Any CPU.Build.0 = Release|Any CPU
		{8DE9B124-200C-46E7-B06D-DEB16D6059F3}.Debug|Any CPU.ActiveCfg = Debug|Any CPU
		{8DE9B124-200C-46E7-B06D-DEB16D6059F3}.Debug|Any CPU.Build.0 = Debug|Any CPU
		{8DE9B124-200C-46E7-B06D-DEB16D6059F3}.Release|Any CPU.ActiveCfg = Release|Any CPU
		{8DE9B124-200C-46E7-B06D-DEB16D6059F3}.Release|Any CPU.Build.0 = Release|Any CPU
	EndGlobalSection
	GlobalSection(SolutionProperties) = preSolution
		HideSolutionNode = FALSE
	EndGlobalSection
	GlobalSection(ExtensibilityGlobals) = postSolution
		SolutionGuid = {3812ADD0-466B-40A4-B196-228E3DB22488}
	EndGlobalSection
EndGlobal
